// !$*UTF8*$!
{
	archiveVersion = 1;
	classes = {
	};
	objectVersion = 46;
	objects = {

/* Begin PBXBuildFile section */
		1B2AC17A19AF027A002E753A /* ImportUtility.sqlite in Resources */ = {isa = PBXBuildFile; fileRef = 1B2AC17919AF027A002E753A /* ImportUtility.sqlite */; };
		1B2AC17D19AF1D71002E753A /* DataModel.xcdatamodeld in Sources */ = {isa = PBXBuildFile; fileRef = 1B2AC17B19AF1D71002E753A /* DataModel.xcdatamodeld */; };
		1B7DE86519AB7C1D0005CFE8 /* QuestionSceneViewController.swift in Sources */ = {isa = PBXBuildFile; fileRef = 1B7DE86419AB7C1D0005CFE8 /* QuestionSceneViewController.swift */; };
		1B8110E619AF71A9006989EA /* Option.swift in Sources */ = {isa = PBXBuildFile; fileRef = 1B8110E519AF71A9006989EA /* Option.swift */; };
		1B95526A19AF3006005AD876 /* Question.swift in Sources */ = {isa = PBXBuildFile; fileRef = 1B95526919AF3006005AD876 /* Question.swift */; };
		1B95526C19AF3007005AD876 /* OptionSet.swift in Sources */ = {isa = PBXBuildFile; fileRef = 1B95526B19AF3007005AD876 /* OptionSet.swift */; };
		1BE17EC519B57CA8009EC86F /* QuestionWithImageView.xib in Resources */ = {isa = PBXBuildFile; fileRef = 1BE17EC419B57CA8009EC86F /* QuestionWithImageView.xib */; };
		1BE17EC719B57CB2009EC86F /* QuestionWithoutImageView.xib in Resources */ = {isa = PBXBuildFile; fileRef = 1BE17EC619B57CB2009EC86F /* QuestionWithoutImageView.xib */; };
		1BE17EC919B57CBE009EC86F /* QuestionWithImageView.swift in Sources */ = {isa = PBXBuildFile; fileRef = 1BE17EC819B57CBE009EC86F /* QuestionWithImageView.swift */; };
		1BE17ECB19B57CC8009EC86F /* QuestionWithoutImageView.swift in Sources */ = {isa = PBXBuildFile; fileRef = 1BE17ECA19B57CC8009EC86F /* QuestionWithoutImageView.swift */; };
		6D08B8AE19A2FAF50069DE54 /* ProximaNova-Black.ttf in Resources */ = {isa = PBXBuildFile; fileRef = 6D08B8A819A2FAF50069DE54 /* ProximaNova-Black.ttf */; };
		6D08B8AF19A2FAF50069DE54 /* ProximaNova-Bold.ttf in Resources */ = {isa = PBXBuildFile; fileRef = 6D08B8A919A2FAF50069DE54 /* ProximaNova-Bold.ttf */; };
		6D08B8B019A2FAF50069DE54 /* ProximaNova-Extrabold.ttf in Resources */ = {isa = PBXBuildFile; fileRef = 6D08B8AA19A2FAF50069DE54 /* ProximaNova-Extrabold.ttf */; };
		6D08B8B119A2FAF50069DE54 /* ProximaNova-Light.ttf in Resources */ = {isa = PBXBuildFile; fileRef = 6D08B8AB19A2FAF50069DE54 /* ProximaNova-Light.ttf */; };
		6D08B8B219A2FAF50069DE54 /* ProximaNova-Regular.ttf in Resources */ = {isa = PBXBuildFile; fileRef = 6D08B8AC19A2FAF50069DE54 /* ProximaNova-Regular.ttf */; };
		6D08B8B319A2FAF50069DE54 /* ProximaNova-Semibold.ttf in Resources */ = {isa = PBXBuildFile; fileRef = 6D08B8AD19A2FAF50069DE54 /* ProximaNova-Semibold.ttf */; };
		6D0C9CD7199CEDA40052902F /* AppDelegate.swift in Sources */ = {isa = PBXBuildFile; fileRef = 6D0C9CD6199CEDA40052902F /* AppDelegate.swift */; };
		6D0C9CDC199CEDA40052902F /* Main.storyboard in Resources */ = {isa = PBXBuildFile; fileRef = 6D0C9CDA199CEDA40052902F /* Main.storyboard */; };
		6D0C9CDE199CEDA40052902F /* Images.xcassets in Resources */ = {isa = PBXBuildFile; fileRef = 6D0C9CDD199CEDA40052902F /* Images.xcassets */; };
		6D0C9CEA199CEDA40052902F /* ComputeMETests.swift in Sources */ = {isa = PBXBuildFile; fileRef = 6D0C9CE9199CEDA40052902F /* ComputeMETests.swift */; };
		6D18A465199CF1FE009E7F59 /* COCOGOOSE.otf in Resources */ = {isa = PBXBuildFile; fileRef = 6D18A45D199CF1FE009E7F59 /* COCOGOOSE.otf */; };
		6D18A466199CF1FE009E7F59 /* CODE Bold.otf in Resources */ = {isa = PBXBuildFile; fileRef = 6D18A45E199CF1FE009E7F59 /* CODE Bold.otf */; };
		6D18A467199CF1FE009E7F59 /* CODE Light.otf in Resources */ = {isa = PBXBuildFile; fileRef = 6D18A45F199CF1FE009E7F59 /* CODE Light.otf */; };
		6D18A468199CF1FE009E7F59 /* myriadpro.otf in Resources */ = {isa = PBXBuildFile; fileRef = 6D18A460199CF1FE009E7F59 /* myriadpro.otf */; };
		6D18A469199CF1FE009E7F59 /* Comedy Wap.caf in Resources */ = {isa = PBXBuildFile; fileRef = 6D18A462199CF1FE009E7F59 /* Comedy Wap.caf */; };
		6D18A46A199CF1FE009E7F59 /* Ka-Ching.wav in Resources */ = {isa = PBXBuildFile; fileRef = 6D18A463199CF1FE009E7F59 /* Ka-Ching.wav */; };
		6D18A46B199CF1FE009E7F59 /* Mining by Moonlight.mp3 in Resources */ = {isa = PBXBuildFile; fileRef = 6D18A464199CF1FE009E7F59 /* Mining by Moonlight.mp3 */; };
		6D7C596819A243A4005A618E /* Extension.swift in Sources */ = {isa = PBXBuildFile; fileRef = 6D7C596719A243A4005A618E /* Extension.swift */; };
		6D84F1B719AC5A4E00ACFAC0 /* Game.swift in Sources */ = {isa = PBXBuildFile; fileRef = 6D84F1B619AC5A4E00ACFAC0 /* Game.swift */; };
		F6128FC819A264610095920A /* StartSceneViewController.swift in Sources */ = {isa = PBXBuildFile; fileRef = F6128FC719A264610095920A /* StartSceneViewController.swift */; };
		F655B7D519B4908300871CB4 /* CloudKit.framework in Frameworks */ = {isa = PBXBuildFile; fileRef = F655B7D419B4908300871CB4 /* CloudKit.framework */; };
		F6A9FCB519A35872004F41C1 /* GameModeSceneViewController.swift in Sources */ = {isa = PBXBuildFile; fileRef = F6A9FCB419A35872004F41C1 /* GameModeSceneViewController.swift */; };
		F6A9FCB719A3A291004F41C1 /* CategorySceneViewController.swift in Sources */ = {isa = PBXBuildFile; fileRef = F6A9FCB619A3A291004F41C1 /* CategorySceneViewController.swift */; };
		F6E74E6519B5738C0059E18C /* FacebookSDK.framework in Frameworks */ = {isa = PBXBuildFile; fileRef = F6E74E6419B5738C0059E18C /* FacebookSDK.framework */; };
		F6EB615C19A627AE004CC3A6 /* GetReadySceneViewController.swift in Sources */ = {isa = PBXBuildFile; fileRef = F6EB615B19A627AE004CC3A6 /* GetReadySceneViewController.swift */; };
/* End PBXBuildFile section */

/* Begin PBXContainerItemProxy section */
		6D0C9CE4199CEDA40052902F /* PBXContainerItemProxy */ = {
			isa = PBXContainerItemProxy;
			containerPortal = 6D0C9CC9199CEDA40052902F /* Project object */;
			proxyType = 1;
			remoteGlobalIDString = 6D0C9CD0199CEDA40052902F;
			remoteInfo = ComputeME;
		};
/* End PBXContainerItemProxy section */

/* Begin PBXFileReference section */
		1B2AC17919AF027A002E753A /* ImportUtility.sqlite */ = {isa = PBXFileReference; lastKnownFileType = file; path = ImportUtility.sqlite; sourceTree = "<group>"; };
		1B2AC17C19AF1D71002E753A /* DataModel.xcdatamodel */ = {isa = PBXFileReference; lastKnownFileType = wrapper.xcdatamodel; path = DataModel.xcdatamodel; sourceTree = "<group>"; };
		1B7DE86419AB7C1D0005CFE8 /* QuestionSceneViewController.swift */ = {isa = PBXFileReference; fileEncoding = 4; lastKnownFileType = sourcecode.swift; name = QuestionSceneViewController.swift; path = ComputeMe/Code/Controller/QuestionSceneViewController.swift; sourceTree = SOURCE_ROOT; };
		1B8110E519AF71A9006989EA /* Option.swift */ = {isa = PBXFileReference; fileEncoding = 4; lastKnownFileType = sourcecode.swift; name = Option.swift; path = ComputeMe/Code/Model/Option.swift; sourceTree = SOURCE_ROOT; };
		1B95526019AF26AE005AD876 /* ComputeME-Bridging-Header.h */ = {isa = PBXFileReference; lastKnownFileType = sourcecode.c.h; path = "ComputeME-Bridging-Header.h"; sourceTree = "<group>"; };
		1B95526919AF3006005AD876 /* Question.swift */ = {isa = PBXFileReference; fileEncoding = 4; lastKnownFileType = sourcecode.swift; name = Question.swift; path = ../../../ComputeMe/Code/Model/Question.swift; sourceTree = "<group>"; };
		1B95526B19AF3007005AD876 /* OptionSet.swift */ = {isa = PBXFileReference; fileEncoding = 4; lastKnownFileType = sourcecode.swift; name = OptionSet.swift; path = ../../../ComputeMe/Code/Model/OptionSet.swift; sourceTree = "<group>"; };
		1BE17EC419B57CA8009EC86F /* QuestionWithImageView.xib */ = {isa = PBXFileReference; fileEncoding = 4; lastKnownFileType = file.xib; path = QuestionWithImageView.xib; sourceTree = "<group>"; };
		1BE17EC619B57CB2009EC86F /* QuestionWithoutImageView.xib */ = {isa = PBXFileReference; fileEncoding = 4; lastKnownFileType = file.xib; path = QuestionWithoutImageView.xib; sourceTree = "<group>"; };
		1BE17EC819B57CBE009EC86F /* QuestionWithImageView.swift */ = {isa = PBXFileReference; fileEncoding = 4; lastKnownFileType = sourcecode.swift; path = QuestionWithImageView.swift; sourceTree = "<group>"; };
		1BE17ECA19B57CC8009EC86F /* QuestionWithoutImageView.swift */ = {isa = PBXFileReference; fileEncoding = 4; lastKnownFileType = sourcecode.swift; path = QuestionWithoutImageView.swift; sourceTree = "<group>"; };
		6D08B8A819A2FAF50069DE54 /* ProximaNova-Black.ttf */ = {isa = PBXFileReference; lastKnownFileType = file; path = "ProximaNova-Black.ttf"; sourceTree = "<group>"; };
		6D08B8A919A2FAF50069DE54 /* ProximaNova-Bold.ttf */ = {isa = PBXFileReference; lastKnownFileType = file; path = "ProximaNova-Bold.ttf"; sourceTree = "<group>"; };
		6D08B8AA19A2FAF50069DE54 /* ProximaNova-Extrabold.ttf */ = {isa = PBXFileReference; lastKnownFileType = file; path = "ProximaNova-Extrabold.ttf"; sourceTree = "<group>"; };
		6D08B8AB19A2FAF50069DE54 /* ProximaNova-Light.ttf */ = {isa = PBXFileReference; lastKnownFileType = file; path = "ProximaNova-Light.ttf"; sourceTree = "<group>"; };
		6D08B8AC19A2FAF50069DE54 /* ProximaNova-Regular.ttf */ = {isa = PBXFileReference; lastKnownFileType = file; path = "ProximaNova-Regular.ttf"; sourceTree = "<group>"; };
		6D08B8AD19A2FAF50069DE54 /* ProximaNova-Semibold.ttf */ = {isa = PBXFileReference; lastKnownFileType = file; path = "ProximaNova-Semibold.ttf"; sourceTree = "<group>"; };
		6D0C9CD1199CEDA40052902F /* ComputeME.app */ = {isa = PBXFileReference; explicitFileType = wrapper.application; includeInIndex = 0; path = ComputeME.app; sourceTree = BUILT_PRODUCTS_DIR; };
		6D0C9CD5199CEDA40052902F /* Info.plist */ = {isa = PBXFileReference; lastKnownFileType = text.plist.xml; path = Info.plist; sourceTree = "<group>"; };
		6D0C9CD6199CEDA40052902F /* AppDelegate.swift */ = {isa = PBXFileReference; lastKnownFileType = sourcecode.swift; path = AppDelegate.swift; sourceTree = "<group>"; };
		6D0C9CDB199CEDA40052902F /* Base */ = {isa = PBXFileReference; lastKnownFileType = file.storyboard; name = Base; path = Base.lproj/Main.storyboard; sourceTree = "<group>"; };
		6D0C9CDD199CEDA40052902F /* Images.xcassets */ = {isa = PBXFileReference; lastKnownFileType = folder.assetcatalog; path = Images.xcassets; sourceTree = "<group>"; };
		6D0C9CE3199CEDA40052902F /* ComputeMETests.xctest */ = {isa = PBXFileReference; explicitFileType = wrapper.cfbundle; includeInIndex = 0; path = ComputeMETests.xctest; sourceTree = BUILT_PRODUCTS_DIR; };
		6D0C9CE8199CEDA40052902F /* Info.plist */ = {isa = PBXFileReference; lastKnownFileType = text.plist.xml; path = Info.plist; sourceTree = "<group>"; };
		6D0C9CE9199CEDA40052902F /* ComputeMETests.swift */ = {isa = PBXFileReference; lastKnownFileType = sourcecode.swift; path = ComputeMETests.swift; sourceTree = "<group>"; };
		6D18A45D199CF1FE009E7F59 /* COCOGOOSE.otf */ = {isa = PBXFileReference; lastKnownFileType = file; path = COCOGOOSE.otf; sourceTree = "<group>"; };
		6D18A45E199CF1FE009E7F59 /* CODE Bold.otf */ = {isa = PBXFileReference; lastKnownFileType = file; path = "CODE Bold.otf"; sourceTree = "<group>"; };
		6D18A45F199CF1FE009E7F59 /* CODE Light.otf */ = {isa = PBXFileReference; lastKnownFileType = file; path = "CODE Light.otf"; sourceTree = "<group>"; };
		6D18A460199CF1FE009E7F59 /* myriadpro.otf */ = {isa = PBXFileReference; lastKnownFileType = file; path = myriadpro.otf; sourceTree = "<group>"; };
		6D18A462199CF1FE009E7F59 /* Comedy Wap.caf */ = {isa = PBXFileReference; lastKnownFileType = file; path = "Comedy Wap.caf"; sourceTree = "<group>"; };
		6D18A463199CF1FE009E7F59 /* Ka-Ching.wav */ = {isa = PBXFileReference; lastKnownFileType = audio.wav; path = "Ka-Ching.wav"; sourceTree = "<group>"; };
		6D18A464199CF1FE009E7F59 /* Mining by Moonlight.mp3 */ = {isa = PBXFileReference; lastKnownFileType = audio.mp3; path = "Mining by Moonlight.mp3"; sourceTree = "<group>"; };
		6D7C596719A243A4005A618E /* Extension.swift */ = {isa = PBXFileReference; fileEncoding = 4; lastKnownFileType = sourcecode.swift; path = Extension.swift; sourceTree = "<group>"; };
		6D84F1B619AC5A4E00ACFAC0 /* Game.swift */ = {isa = PBXFileReference; fileEncoding = 4; lastKnownFileType = sourcecode.swift; path = Game.swift; sourceTree = "<group>"; };
		F6128FC719A264610095920A /* StartSceneViewController.swift */ = {isa = PBXFileReference; fileEncoding = 4; lastKnownFileType = sourcecode.swift; path = StartSceneViewController.swift; sourceTree = "<group>"; };
		F655B7D319B4907F00871CB4 /* ComputeME.entitlements */ = {isa = PBXFileReference; lastKnownFileType = text.xml; path = ComputeME.entitlements; sourceTree = "<group>"; };
		F655B7D419B4908300871CB4 /* CloudKit.framework */ = {isa = PBXFileReference; lastKnownFileType = wrapper.framework; name = CloudKit.framework; path = System/Library/Frameworks/CloudKit.framework; sourceTree = SDKROOT; };
		F6A9FCB419A35872004F41C1 /* GameModeSceneViewController.swift */ = {isa = PBXFileReference; fileEncoding = 4; lastKnownFileType = sourcecode.swift; path = GameModeSceneViewController.swift; sourceTree = "<group>"; };
		F6A9FCB619A3A291004F41C1 /* CategorySceneViewController.swift */ = {isa = PBXFileReference; fileEncoding = 4; lastKnownFileType = sourcecode.swift; path = CategorySceneViewController.swift; sourceTree = "<group>"; };
		F6E74E6419B5738C0059E18C /* FacebookSDK.framework */ = {isa = PBXFileReference; lastKnownFileType = wrapper.framework; name = FacebookSDK.framework; path = ../../../FacebookSDK/FacebookSDK.framework; sourceTree = "<group>"; };
		F6EB615B19A627AE004CC3A6 /* GetReadySceneViewController.swift */ = {isa = PBXFileReference; fileEncoding = 4; lastKnownFileType = sourcecode.swift; path = GetReadySceneViewController.swift; sourceTree = "<group>"; };
/* End PBXFileReference section */

/* Begin PBXFrameworksBuildPhase section */
		6D0C9CCE199CEDA40052902F /* Frameworks */ = {
			isa = PBXFrameworksBuildPhase;
			buildActionMask = 2147483647;
			files = (
				F655B7D519B4908300871CB4 /* CloudKit.framework in Frameworks */,
				F6E74E6519B5738C0059E18C /* FacebookSDK.framework in Frameworks */,
			);
			runOnlyForDeploymentPostprocessing = 0;
		};
		6D0C9CE0199CEDA40052902F /* Frameworks */ = {
			isa = PBXFrameworksBuildPhase;
			buildActionMask = 2147483647;
			files = (
			);
			runOnlyForDeploymentPostprocessing = 0;
		};
/* End PBXFrameworksBuildPhase section */

/* Begin PBXGroup section */
		1BE17EBD19B57A2D009EC86F /* View */ = {
			isa = PBXGroup;
			children = (
				1BE17EC819B57CBE009EC86F /* QuestionWithImageView.swift */,
				1BE17EC419B57CA8009EC86F /* QuestionWithImageView.xib */,
				1BE17ECA19B57CC8009EC86F /* QuestionWithoutImageView.swift */,
				1BE17EC619B57CB2009EC86F /* QuestionWithoutImageView.xib */,
			);
			name = View;
			path = ../../ComputeMe/Code/View;
			sourceTree = "<group>";
		};
		6D0C9CC8199CEDA40052902F = {
			isa = PBXGroup;
			children = (
				1B95526019AF26AE005AD876 /* ComputeME-Bridging-Header.h */,
				6D0C9CD3199CEDA40052902F /* ComputeME */,
				6D0C9CE6199CEDA40052902F /* ComputeMETests */,
				1B2AC17B19AF1D71002E753A /* DataModel.xcdatamodeld */,
				F6E74E6119B573060059E18C /* Framework */,
				6D0C9CD2199CEDA40052902F /* Products */,
			);
			sourceTree = "<group>";
		};
		6D0C9CD2199CEDA40052902F /* Products */ = {
			isa = PBXGroup;
			children = (
				6D0C9CD1199CEDA40052902F /* ComputeME.app */,
				6D0C9CE3199CEDA40052902F /* ComputeMETests.xctest */,
			);
			name = Products;
			sourceTree = "<group>";
		};
		6D0C9CD3199CEDA40052902F /* ComputeME */ = {
			isa = PBXGroup;
			children = (
				F655B7D319B4907F00871CB4 /* ComputeME.entitlements */,
				6D0C9CDD199CEDA40052902F /* Images.xcassets */,
				6D0C9CF3199CEE330052902F /* Code */,
				6D0C9CDA199CEDA40052902F /* Main.storyboard */,
				6D0C9CD4199CEDA40052902F /* Supporting Files */,
			);
			path = ComputeME;
			sourceTree = "<group>";
		};
		6D0C9CD4199CEDA40052902F /* Supporting Files */ = {
			isa = PBXGroup;
			children = (
				1B2AC17919AF027A002E753A /* ImportUtility.sqlite */,
				6D40E8BF199F392C005FA4EE /* Storyboard */,
				6D18A45C199CF1FE009E7F59 /* Fonts */,
				6D18A461199CF1FE009E7F59 /* Sounds */,
				6D0C9CD5199CEDA40052902F /* Info.plist */,
			);
			path = "Supporting Files";
			sourceTree = "<group>";
		};
		6D0C9CE6199CEDA40052902F /* ComputeMETests */ = {
			isa = PBXGroup;
			children = (
				6D0C9CE9199CEDA40052902F /* ComputeMETests.swift */,
				6D0C9CE7199CEDA40052902F /* Supporting Files */,
			);
			path = ComputeMETests;
			sourceTree = "<group>";
		};
		6D0C9CE7199CEDA40052902F /* Supporting Files */ = {
			isa = PBXGroup;
			children = (
				6D0C9CE8199CEDA40052902F /* Info.plist */,
			);
			name = "Supporting Files";
			sourceTree = "<group>";
		};
		6D0C9CF3199CEE330052902F /* Code */ = {
			isa = PBXGroup;
			children = (
				6D0C9CD6199CEDA40052902F /* AppDelegate.swift */,
				6D0C9CF6199CEE810052902F /* Controller */,
				6D7C596719A243A4005A618E /* Extension.swift */,
				6D7C595E19A241AB005A618E /* Model */,
				1BE17EBD19B57A2D009EC86F /* View */,
			);
			path = Code;
			sourceTree = "<group>";
		};
		6D0C9CF6199CEE810052902F /* Controller */ = {
			isa = PBXGroup;
			children = (
				F6128FC719A264610095920A /* StartSceneViewController.swift */,
				F6A9FCB419A35872004F41C1 /* GameModeSceneViewController.swift */,
				F6A9FCB619A3A291004F41C1 /* CategorySceneViewController.swift */,
				F6EB615B19A627AE004CC3A6 /* GetReadySceneViewController.swift */,
				1B7DE86419AB7C1D0005CFE8 /* QuestionSceneViewController.swift */,
			);
			path = Controller;
			sourceTree = "<group>";
		};
		6D18A45C199CF1FE009E7F59 /* Fonts */ = {
			isa = PBXGroup;
			children = (
				6D08B8A819A2FAF50069DE54 /* ProximaNova-Black.ttf */,
				6D08B8A919A2FAF50069DE54 /* ProximaNova-Bold.ttf */,
				6D08B8AA19A2FAF50069DE54 /* ProximaNova-Extrabold.ttf */,
				6D08B8AB19A2FAF50069DE54 /* ProximaNova-Light.ttf */,
				6D08B8AC19A2FAF50069DE54 /* ProximaNova-Regular.ttf */,
				6D08B8AD19A2FAF50069DE54 /* ProximaNova-Semibold.ttf */,
				6D18A45D199CF1FE009E7F59 /* COCOGOOSE.otf */,
				6D18A45E199CF1FE009E7F59 /* CODE Bold.otf */,
				6D18A45F199CF1FE009E7F59 /* CODE Light.otf */,
				6D18A460199CF1FE009E7F59 /* myriadpro.otf */,
			);
			path = Fonts;
			sourceTree = "<group>";
		};
		6D18A461199CF1FE009E7F59 /* Sounds */ = {
			isa = PBXGroup;
			children = (
				6D18A462199CF1FE009E7F59 /* Comedy Wap.caf */,
				6D18A463199CF1FE009E7F59 /* Ka-Ching.wav */,
				6D18A464199CF1FE009E7F59 /* Mining by Moonlight.mp3 */,
			);
			path = Sounds;
			sourceTree = "<group>";
		};
		6D40E8BF199F392C005FA4EE /* Storyboard */ = {
			isa = PBXGroup;
			children = (
			);
			name = Storyboard;
			sourceTree = "<group>";
		};
		6D7C595E19A241AB005A618E /* Model */ = {
			isa = PBXGroup;
			children = (
				1B95526B19AF3007005AD876 /* OptionSet.swift */,
				1B8110E519AF71A9006989EA /* Option.swift */,
				1B95526919AF3006005AD876 /* Question.swift */,
				6D84F1B619AC5A4E00ACFAC0 /* Game.swift */,
			);
			path = Model;
			sourceTree = "<group>";
		};
		F6E74E6119B573060059E18C /* Framework */ = {
			isa = PBXGroup;
			children = (
				F6E74E6419B5738C0059E18C /* FacebookSDK.framework */,
				F655B7D419B4908300871CB4 /* CloudKit.framework */,
			);
			path = Framework;
			sourceTree = "<group>";
		};
/* End PBXGroup section */

/* Begin PBXNativeTarget section */
		6D0C9CD0199CEDA40052902F /* ComputeME */ = {
			isa = PBXNativeTarget;
			buildConfigurationList = 6D0C9CED199CEDA40052902F /* Build configuration list for PBXNativeTarget "ComputeME" */;
			buildPhases = (
				6D0C9CCD199CEDA40052902F /* Sources */,
				6D0C9CCE199CEDA40052902F /* Frameworks */,
				6D0C9CCF199CEDA40052902F /* Resources */,
			);
			buildRules = (
			);
			dependencies = (
			);
			name = ComputeME;
			productName = ComputeME;
			productReference = 6D0C9CD1199CEDA40052902F /* ComputeME.app */;
			productType = "com.apple.product-type.application";
		};
		6D0C9CE2199CEDA40052902F /* ComputeMETests */ = {
			isa = PBXNativeTarget;
			buildConfigurationList = 6D0C9CF0199CEDA40052902F /* Build configuration list for PBXNativeTarget "ComputeMETests" */;
			buildPhases = (
				6D0C9CDF199CEDA40052902F /* Sources */,
				6D0C9CE0199CEDA40052902F /* Frameworks */,
				6D0C9CE1199CEDA40052902F /* Resources */,
			);
			buildRules = (
			);
			dependencies = (
				6D0C9CE5199CEDA40052902F /* PBXTargetDependency */,
			);
			name = ComputeMETests;
			productName = ComputeMETests;
			productReference = 6D0C9CE3199CEDA40052902F /* ComputeMETests.xctest */;
			productType = "com.apple.product-type.bundle.unit-test";
		};
/* End PBXNativeTarget section */

/* Begin PBXProject section */
		6D0C9CC9199CEDA40052902F /* Project object */ = {
			isa = PBXProject;
			attributes = {
				LastUpgradeCheck = 0600;
				ORGANIZATIONNAME = Pointwelve;
				TargetAttributes = {
					6D0C9CD0199CEDA40052902F = {
						CreatedOnToolsVersion = 6.0;
						DevelopmentTeam = LZV346N8B3;
						SystemCapabilities = {
							com.apple.iCloud = {
								enabled = 1;
							};
						};
					};
					6D0C9CE2199CEDA40052902F = {
						CreatedOnToolsVersion = 6.0;
						TestTargetID = 6D0C9CD0199CEDA40052902F;
					};
				};
			};
			buildConfigurationList = 6D0C9CCC199CEDA40052902F /* Build configuration list for PBXProject "ComputeME" */;
			compatibilityVersion = "Xcode 3.2";
			developmentRegion = English;
			hasScannedForEncodings = 0;
			knownRegions = (
				en,
				Base,
			);
			mainGroup = 6D0C9CC8199CEDA40052902F;
			productRefGroup = 6D0C9CD2199CEDA40052902F /* Products */;
			projectDirPath = "";
			projectRoot = "";
			targets = (
				6D0C9CD0199CEDA40052902F /* ComputeME */,
				6D0C9CE2199CEDA40052902F /* ComputeMETests */,
			);
		};
/* End PBXProject section */

/* Begin PBXResourcesBuildPhase section */
		6D0C9CCF199CEDA40052902F /* Resources */ = {
			isa = PBXResourcesBuildPhase;
			buildActionMask = 2147483647;
			files = (
				6D08B8B119A2FAF50069DE54 /* ProximaNova-Light.ttf in Resources */,
				6D18A466199CF1FE009E7F59 /* CODE Bold.otf in Resources */,
				6D08B8B319A2FAF50069DE54 /* ProximaNova-Semibold.ttf in Resources */,
				1B2AC17A19AF027A002E753A /* ImportUtility.sqlite in Resources */,
				6D08B8AE19A2FAF50069DE54 /* ProximaNova-Black.ttf in Resources */,
				6D18A46B199CF1FE009E7F59 /* Mining by Moonlight.mp3 in Resources */,
				6D08B8AF19A2FAF50069DE54 /* ProximaNova-Bold.ttf in Resources */,
				6D0C9CDC199CEDA40052902F /* Main.storyboard in Resources */,
				6D18A46A199CF1FE009E7F59 /* Ka-Ching.wav in Resources */,
				6D0C9CDE199CEDA40052902F /* Images.xcassets in Resources */,
				6D08B8B019A2FAF50069DE54 /* ProximaNova-Extrabold.ttf in Resources */,
				6D18A465199CF1FE009E7F59 /* COCOGOOSE.otf in Resources */,
				6D08B8B219A2FAF50069DE54 /* ProximaNova-Regular.ttf in Resources */,
				1BE17EC719B57CB2009EC86F /* QuestionWithoutImageView.xib in Resources */,
				1BE17EC519B57CA8009EC86F /* QuestionWithImageView.xib in Resources */,
				6D18A467199CF1FE009E7F59 /* CODE Light.otf in Resources */,
				6D18A468199CF1FE009E7F59 /* myriadpro.otf in Resources */,
				6D18A469199CF1FE009E7F59 /* Comedy Wap.caf in Resources */,
			);
			runOnlyForDeploymentPostprocessing = 0;
		};
		6D0C9CE1199CEDA40052902F /* Resources */ = {
			isa = PBXResourcesBuildPhase;
			buildActionMask = 2147483647;
			files = (
			);
			runOnlyForDeploymentPostprocessing = 0;
		};
/* End PBXResourcesBuildPhase section */

/* Begin PBXSourcesBuildPhase section */
		6D0C9CCD199CEDA40052902F /* Sources */ = {
			isa = PBXSourcesBuildPhase;
			buildActionMask = 2147483647;
			files = (
				F6128FC819A264610095920A /* StartSceneViewController.swift in Sources */,
				F6A9FCB519A35872004F41C1 /* GameModeSceneViewController.swift in Sources */,
				6D7C596819A243A4005A618E /* Extension.swift in Sources */,
				F6A9FCB719A3A291004F41C1 /* CategorySceneViewController.swift in Sources */,
				1B8110E619AF71A9006989EA /* Option.swift in Sources */,
				6D84F1B719AC5A4E00ACFAC0 /* Game.swift in Sources */,
				F6EB615C19A627AE004CC3A6 /* GetReadySceneViewController.swift in Sources */,
				1B2AC17D19AF1D71002E753A /* DataModel.xcdatamodeld in Sources */,
				6D0C9CD7199CEDA40052902F /* AppDelegate.swift in Sources */,
				1B95526A19AF3006005AD876 /* Question.swift in Sources */,
				1B7DE86519AB7C1D0005CFE8 /* QuestionSceneViewController.swift in Sources */,
				1BE17EC919B57CBE009EC86F /* QuestionWithImageView.swift in Sources */,
				1B95526C19AF3007005AD876 /* OptionSet.swift in Sources */,
				1BE17ECB19B57CC8009EC86F /* QuestionWithoutImageView.swift in Sources */,
			);
			runOnlyForDeploymentPostprocessing = 0;
		};
		6D0C9CDF199CEDA40052902F /* Sources */ = {
			isa = PBXSourcesBuildPhase;
			buildActionMask = 2147483647;
			files = (
				6D0C9CEA199CEDA40052902F /* ComputeMETests.swift in Sources */,
			);
			runOnlyForDeploymentPostprocessing = 0;
		};
/* End PBXSourcesBuildPhase section */

/* Begin PBXTargetDependency section */
		6D0C9CE5199CEDA40052902F /* PBXTargetDependency */ = {
			isa = PBXTargetDependency;
			target = 6D0C9CD0199CEDA40052902F /* ComputeME */;
			targetProxy = 6D0C9CE4199CEDA40052902F /* PBXContainerItemProxy */;
		};
/* End PBXTargetDependency section */

/* Begin PBXVariantGroup section */
		6D0C9CDA199CEDA40052902F /* Main.storyboard */ = {
			isa = PBXVariantGroup;
			children = (
				6D0C9CDB199CEDA40052902F /* Base */,
			);
			name = Main.storyboard;
			sourceTree = "<group>";
		};
/* End PBXVariantGroup section */

/* Begin XCBuildConfiguration section */
		6D0C9CEB199CEDA40052902F /* Debug */ = {
			isa = XCBuildConfiguration;
			buildSettings = {
				ALWAYS_SEARCH_USER_PATHS = NO;
				CLANG_CXX_LANGUAGE_STANDARD = "gnu++0x";
				CLANG_CXX_LIBRARY = "libc++";
				CLANG_ENABLE_MODULES = YES;
				CLANG_ENABLE_OBJC_ARC = YES;
				CLANG_WARN_BOOL_CONVERSION = YES;
				CLANG_WARN_CONSTANT_CONVERSION = YES;
				CLANG_WARN_DIRECT_OBJC_ISA_USAGE = YES_ERROR;
				CLANG_WARN_EMPTY_BODY = YES;
				CLANG_WARN_ENUM_CONVERSION = YES;
				CLANG_WARN_INT_CONVERSION = YES;
				CLANG_WARN_OBJC_ROOT_CLASS = YES_ERROR;
				CLANG_WARN_UNREACHABLE_CODE = YES;
				CLANG_WARN__DUPLICATE_METHOD_MATCH = YES;
				"CODE_SIGN_IDENTITY[sdk=iphoneos*]" = "iPhone Developer";
				COPY_PHASE_STRIP = NO;
				ENABLE_STRICT_OBJC_MSGSEND = YES;
				GCC_C_LANGUAGE_STANDARD = gnu99;
				GCC_DYNAMIC_NO_PIC = NO;
				GCC_OPTIMIZATION_LEVEL = 0;
				GCC_PREPROCESSOR_DEFINITIONS = (
					"DEBUG=1",
					"$(inherited)",
				);
				GCC_SYMBOLS_PRIVATE_EXTERN = NO;
				GCC_WARN_64_TO_32_BIT_CONVERSION = YES;
				GCC_WARN_ABOUT_RETURN_TYPE = YES_ERROR;
				GCC_WARN_UNDECLARED_SELECTOR = YES;
				GCC_WARN_UNINITIALIZED_AUTOS = YES_AGGRESSIVE;
				GCC_WARN_UNUSED_FUNCTION = YES;
				GCC_WARN_UNUSED_VARIABLE = YES;
				IPHONEOS_DEPLOYMENT_TARGET = 8.0;
				MTL_ENABLE_DEBUG_INFO = YES;
				ONLY_ACTIVE_ARCH = YES;
				SDKROOT = iphoneos;
				SWIFT_OPTIMIZATION_LEVEL = "-Onone";
			};
			name = Debug;
		};
		6D0C9CEC199CEDA40052902F /* Release */ = {
			isa = XCBuildConfiguration;
			buildSettings = {
				ALWAYS_SEARCH_USER_PATHS = NO;
				CLANG_CXX_LANGUAGE_STANDARD = "gnu++0x";
				CLANG_CXX_LIBRARY = "libc++";
				CLANG_ENABLE_MODULES = YES;
				CLANG_ENABLE_OBJC_ARC = YES;
				CLANG_WARN_BOOL_CONVERSION = YES;
				CLANG_WARN_CONSTANT_CONVERSION = YES;
				CLANG_WARN_DIRECT_OBJC_ISA_USAGE = YES_ERROR;
				CLANG_WARN_EMPTY_BODY = YES;
				CLANG_WARN_ENUM_CONVERSION = YES;
				CLANG_WARN_INT_CONVERSION = YES;
				CLANG_WARN_OBJC_ROOT_CLASS = YES_ERROR;
				CLANG_WARN_UNREACHABLE_CODE = YES;
				CLANG_WARN__DUPLICATE_METHOD_MATCH = YES;
				"CODE_SIGN_IDENTITY[sdk=iphoneos*]" = "iPhone Developer";
				COPY_PHASE_STRIP = YES;
				ENABLE_NS_ASSERTIONS = NO;
				ENABLE_STRICT_OBJC_MSGSEND = YES;
				GCC_C_LANGUAGE_STANDARD = gnu99;
				GCC_WARN_64_TO_32_BIT_CONVERSION = YES;
				GCC_WARN_ABOUT_RETURN_TYPE = YES_ERROR;
				GCC_WARN_UNDECLARED_SELECTOR = YES;
				GCC_WARN_UNINITIALIZED_AUTOS = YES_AGGRESSIVE;
				GCC_WARN_UNUSED_FUNCTION = YES;
				GCC_WARN_UNUSED_VARIABLE = YES;
				IPHONEOS_DEPLOYMENT_TARGET = 8.0;
				MTL_ENABLE_DEBUG_INFO = NO;
				SDKROOT = iphoneos;
				VALIDATE_PRODUCT = YES;
			};
			name = Release;
		};
		6D0C9CEE199CEDA40052902F /* Debug */ = {
			isa = XCBuildConfiguration;
			buildSettings = {
				ASSETCATALOG_COMPILER_APPICON_NAME = AppIcon;
				ASSETCATALOG_COMPILER_LAUNCHIMAGE_NAME = LaunchImage;
				CLANG_ENABLE_MODULES = YES;
				CODE_SIGN_ENTITLEMENTS = ComputeME/ComputeME.entitlements;
				CODE_SIGN_IDENTITY = "iPhone Developer";
				"CODE_SIGN_IDENTITY[sdk=iphoneos*]" = "iPhone Developer";
				FRAMEWORK_SEARCH_PATHS = (
					"$(inherited)",
					"$(PROJECT_DIR)/Framework",
					/Users/LiHao/Documents/FacebookSDK,
				);
				GCC_OPTIMIZATION_LEVEL = fast;
				GCC_PRECOMPILE_PREFIX_HEADER = YES;
				GCC_PREFIX_HEADER = "ComputeME/Supporting Files/ComputeME-Bridging-Header.h";
				INFOPLIST_FILE = "ComputeME/Supporting Files/Info.plist";
				LD_RUNPATH_SEARCH_PATHS = "$(inherited) @executable_path/Frameworks";
				PRODUCT_NAME = "$(TARGET_NAME)";
				PROVISIONING_PROFILE = "";
				SWIFT_OBJC_BRIDGING_HEADER = "ComputeME-Bridging-Header.h";
				SWIFT_OPTIMIZATION_LEVEL = "-Onone";
			};
			name = Debug;
		};
		6D0C9CEF199CEDA40052902F /* Release */ = {
			isa = XCBuildConfiguration;
			buildSettings = {
				ASSETCATALOG_COMPILER_APPICON_NAME = AppIcon;
				ASSETCATALOG_COMPILER_LAUNCHIMAGE_NAME = LaunchImage;
				CLANG_ENABLE_MODULES = YES;
				CODE_SIGN_ENTITLEMENTS = ComputeME/ComputeME.entitlements;
				CODE_SIGN_IDENTITY = "iPhone Developer";
				"CODE_SIGN_IDENTITY[sdk=iphoneos*]" = "iPhone Developer";
				FRAMEWORK_SEARCH_PATHS = (
					"$(inherited)",
					"$(PROJECT_DIR)/Framework",
					/Users/LiHao/Documents/FacebookSDK,
				);
				GCC_OPTIMIZATION_LEVEL = fast;
				GCC_PRECOMPILE_PREFIX_HEADER = YES;
				GCC_PREFIX_HEADER = "ComputeME/Supporting Files/ComputeME-Bridging-Header.h";
				INFOPLIST_FILE = "ComputeME/Supporting Files/Info.plist";
				LD_RUNPATH_SEARCH_PATHS = "$(inherited) @executable_path/Frameworks";
				PRODUCT_NAME = "$(TARGET_NAME)";
				PROVISIONING_PROFILE = "";
				SWIFT_OBJC_BRIDGING_HEADER = "ComputeME-Bridging-Header.h";
			};
			name = Release;
		};
		6D0C9CF1199CEDA40052902F /* Debug */ = {
			isa = XCBuildConfiguration;
			buildSettings = {
				BUNDLE_LOADER = "$(TEST_HOST)";
				FRAMEWORK_SEARCH_PATHS = (
					"$(SDKROOT)/Developer/Library/Frameworks",
					"$(inherited)",
				);
				GCC_PREPROCESSOR_DEFINITIONS = (
					"DEBUG=1",
					"$(inherited)",
				);
				INFOPLIST_FILE = ComputeMETests/Info.plist;
				LD_RUNPATH_SEARCH_PATHS = "$(inherited) @executable_path/Frameworks @loader_path/Frameworks";
				PRODUCT_NAME = "$(TARGET_NAME)";
				TEST_HOST = "$(BUILT_PRODUCTS_DIR)/ComputeME.app/ComputeME";
			};
			name = Debug;
		};
		6D0C9CF2199CEDA40052902F /* Release */ = {
			isa = XCBuildConfiguration;
			buildSettings = {
				BUNDLE_LOADER = "$(TEST_HOST)";
				FRAMEWORK_SEARCH_PATHS = (
					"$(SDKROOT)/Developer/Library/Frameworks",
					"$(inherited)",
				);
				INFOPLIST_FILE = ComputeMETests/Info.plist;
				LD_RUNPATH_SEARCH_PATHS = "$(inherited) @executable_path/Frameworks @loader_path/Frameworks";
				PRODUCT_NAME = "$(TARGET_NAME)";
				TEST_HOST = "$(BUILT_PRODUCTS_DIR)/ComputeME.app/ComputeME";
			};
			name = Release;
		};
/* End XCBuildConfiguration section */

/* Begin XCConfigurationList section */
		6D0C9CCC199CEDA40052902F /* Build configuration list for PBXProject "ComputeME" */ = {
			isa = XCConfigurationList;
			buildConfigurations = (
				6D0C9CEB199CEDA40052902F /* Debug */,
				6D0C9CEC199CEDA40052902F /* Release */,
			);
			defaultConfigurationIsVisible = 0;
			defaultConfigurationName = Release;
		};
		6D0C9CED199CEDA40052902F /* Build configuration list for PBXNativeTarget "ComputeME" */ = {
			isa = XCConfigurationList;
			buildConfigurations = (
				6D0C9CEE199CEDA40052902F /* Debug */,
				6D0C9CEF199CEDA40052902F /* Release */,
			);
			defaultConfigurationIsVisible = 0;
			defaultConfigurationName = Release;
		};
		6D0C9CF0199CEDA40052902F /* Build configuration list for PBXNativeTarget "ComputeMETests" */ = {
			isa = XCConfigurationList;
			buildConfigurations = (
				6D0C9CF1199CEDA40052902F /* Debug */,
				6D0C9CF2199CEDA40052902F /* Release */,
			);
			defaultConfigurationIsVisible = 0;
			defaultConfigurationName = Release;
		};
/* End XCConfigurationList section */

/* Begin XCVersionGroup section */
		1B2AC17B19AF1D71002E753A /* DataModel.xcdatamodeld */ = {
			isa = XCVersionGroup;
			children = (
				1B2AC17C19AF1D71002E753A /* DataModel.xcdatamodel */,
			);
			currentVersion = 1B2AC17C19AF1D71002E753A /* DataModel.xcdatamodel */;
			path = DataModel.xcdatamodeld;
			sourceTree = "<group>";
			versionGroupType = wrapper.xcdatamodel;
		};
/* End XCVersionGroup section */
	};
	rootObject = 6D0C9CC9199CEDA40052902F /* Project object */;
}
